# This file was autogenerated by Stack.
# You should not edit this file by hand.
# For more information, please see the documentation at:
#   https://docs.haskellstack.org/en/stable/lock_files

packages:
- completed:
    hackage: HaskellNet-SSL-0.3.4.1@sha256:3ca14dd69460a380cf69aed40654fb10c4c03e344632b6a9986568c87feda157,1843
    pantry-tree:
      size: 577
      sha256: 33fbfd0d8bbaa689f0169d442861dafcdcd4fe795a4b42aa0bedbfa41aa65b23
  original:
    hackage: HaskellNet-SSL-0.3.4.1@sha256:3ca14dd69460a380cf69aed40654fb10c4c03e344632b6a9986568c87feda157,1843
- completed:
    hackage: aws-0.21.1@sha256:5290b819bd425f28c736b93a84955ced145bdb631a26d784d1b952e2e0ddc6b8,14259
    pantry-tree:
      size: 6843
      sha256: 59469aba89aa215e5b3ff94b7fe2d866c2dd0cea750e4fbed5e5bc05f3bc9a84
  original:
    hackage: aws-0.21.1@sha256:5290b819bd425f28c736b93a84955ced145bdb631a26d784d1b952e2e0ddc6b8,14259
- completed:
    hackage: download-curl-0.1.4@sha256:d4df109a694aacf11814f7d0ea8df2aa6b187ea894f1e6ae1bddae635f0a4e0c,1695
    pantry-tree:
      size: 293
      sha256: 6d1eb1435acda1cd4b6561064e4043115582422df5c2f93a4f44a940d23a5f90
  original:
    hackage: download-curl-0.1.4@sha256:d4df109a694aacf11814f7d0ea8df2aa6b187ea894f1e6ae1bddae635f0a4e0c,1695
- completed:
    hackage: random-strings-0.1.1.0@sha256:935a7a23dab45411960df77636a29b44ce42b89eeb15f2b1e809d771491fa677,2517
    pantry-tree:
      size: 663
      sha256: 5a382966fdd8d5220b5791f3bff6db00d2ea29235e2716dadd52461b8a8beb97
  original:
    hackage: random-strings-0.1.1.0@sha256:935a7a23dab45411960df77636a29b44ce42b89eeb15f2b1e809d771491fa677,2517
- completed:
    hackage: servant-multipart-0.11.4@sha256:f34d1ef775113ce5e4ad54018a3b83435abcff4b63e2520db8a626d67566205f,2143
    pantry-tree:
      size: 333
      sha256: 2c7a1cc0208a4b5208b6bfd45c2a64649e916e8d1ba6f7a9605fce9f1f5227b2
  original:
    hackage: servant-multipart-0.11.4@sha256:f34d1ef775113ce5e4ad54018a3b83435abcff4b63e2520db8a626d67566205f,2143
- completed:
    hackage: servant-options-0.1.0.0@sha256:39f50166a68006250e79370372f553ca476f14d06d93fa0c401050253aeba803,914
    pantry-tree:
      size: 293
      sha256: 7812baf1b27c62068ba634207fbd7077b886424d666b36739a78c6d4008a1fd4
  original:
    hackage: servant-options-0.1.0.0@sha256:39f50166a68006250e79370372f553ca476f14d06d93fa0c401050253aeba803,914
- completed:
    hackage: containers-0.5.11.0@sha256:28ad7337057442f75bc689315ab4ec7bdf5e6b2c39668f306672cecd82c02798,16685
    pantry-tree:
      size: 4849
      sha256: faa4e75922a28f7cfe9920c1d7ab3866b792cefcd29bf79f54cfe3b6b5f57cbf
  original:
    hackage: containers-0.5.11.0@sha256:28ad7337057442f75bc689315ab4ec7bdf5e6b2c39668f306672cecd82c02798,16685
- completed:
    hackage: binary-0.8.7.0@sha256:ae3e6cca723ac55c54bbb3fa771bcf18142bc727afd57818e66d6ee6c8044f12,7705
    pantry-tree:
      size: 1976
      sha256: 35e44b6d3ccf0d56fc5407dc3f0895e74696a66da189afbd65973c95743f5e25
  original:
    hackage: binary-0.8.7.0@sha256:ae3e6cca723ac55c54bbb3fa771bcf18142bc727afd57818e66d6ee6c8044f12,7705
- completed:
    hackage: blaze-0.0.2@sha256:ed28e134dfb0a0a1533e31583d92fa1c2364dadf32fca8ffe76c84c67e2f9bf3,222
    pantry-tree:
      size: 101
      sha256: 92b4048dc0da23a53fdef140db6efa5b56247d515fd4ea18dfadaf24bf1c1e9d
  original:
    hackage: blaze-0.0.2@sha256:ed28e134dfb0a0a1533e31583d92fa1c2364dadf32fca8ffe76c84c67e2f9bf3,222
- completed:
    hackage: Unique-0.4.7.7@sha256:2269d3528271e25d34542e7c24a4e541e27ec33460e1ea00845da95b82eec6fa,2777
    pantry-tree:
      size: 1366
      sha256: 65b9779a0d9502efffea5c93c44d260edc97f8efeaa21e6a302e0fc94f4ff5c7
  original:
    hackage: Unique-0.4.7.7@sha256:2269d3528271e25d34542e7c24a4e541e27ec33460e1ea00845da95b82eec6fa,2777
- completed:
    cabal-file:
      size: 2722
      sha256: a721fda771270847d8ead0bde657090d1d8a19dece8c67b2f17f69522e43c52e
    name: elocrypt
    version: 1.0.0
    git: https://github.com/sgillespie/elocrypt.git
    pantry-tree:
      size: 1033
      sha256: 6494b20065de775bf3d7ac00ea90c8d4668832fa05affffca4ef6daff51e29df
    commit: 18869c857566c55d81960c5ec76ac7664e2574f9
  original:
    git: https://github.com/sgillespie/elocrypt.git
    commit: 18869c857566c55d81960c5ec76ac7664e2574f9
- completed:
    cabal-file:
      size: 993
      sha256: fb30662c0ae4a688f6ae786efa8c77aad7f6c72b938e75f85aadd4915fd67fab
    name: lanhunch
    version: 0.1.0.0
    git: https://github.com/sigrlami/lanhunch.git
    pantry-tree:
      size: 543
      sha256: 35bcf15631beccaad6bab85c8af542795c90ab139a202be3300f7f7f2930b7b9
    commit: 330e46c2beb8410a78be3eb1cc55996251358e8b
  original:
    git: https://github.com/sigrlami/lanhunch.git
    commit: 330e46c2beb8410a78be3eb1cc55996251358e8b
snapshots:
- completed:
    size: 498155
    url: https://raw.githubusercontent.com/commercialhaskell/stackage-snapshots/master/lts/13/19.yaml
    sha256: b9367a80d4393d02e58a46b8a9fdfbd7bc19f59c0c2bbf90034ba15cf52cf213
  original: lts-13.19
